{
  "nodes": {
    "mywm-shell": {
      "inputs": {
        "nixpkgs": [
          "nixpkgs"
        ]
      },
      "locked": {
        "lastModified": 1790533523,
        "narHash": "sha256-32Z+oa39WCeCL+58cGfLJGS3A+51O5DzKFQLexAcjSM=",
        "owner": "Chr1ssi",
        "repo": "mywm-shell",
        "rev": "16763f67a340e6728bc2b75ae1532ec4a73fb55a",
        "type": "github"
      },
      "original": {
        "owner": "Chr1ssi",
        "repo": "mywm-shell",
        "type": "github"
      }
    },
    "nixpkgs": {
      "locked": {
        "lastModified": 1790185690,
        "narHash": "sha256-xJ+X4hBtOcAFGBOe5nAMyMUeF9foJBmIOu3NjBqBycU=",
        "owner": "NixOS",
        "repo": "nixpkgs",
        "rev": "4975466d324710c576dc11ad614684e6bd8cad8e",
        "type": "github"
      },
      "original": {
        "owner": "NixOS",
        "ref": "nixos-unstable",
        "repo": "nixpkgs",
        "type": "github"
      }
    },
    "root": {
      "inputs": {
        "mywm-shell": "mywm-shell",
        "nixpkgs": "nixpkgs"
      }
    }
  },
  "root": "root",
  "version": 7
}
