{
  "nodes": {
    "mywm-shell": {
      "inputs": {
        "nixpkgs": [
          "nixpkgs"
        ]
      },
      "locked": {
        "lastModified": 1790699324,
        "narHash": "sha256-kK++HiNK2/+Eo8ssKsBJVG7qnoER0Cn94TlTtL/rUW0=",
        "owner": "Chr1ssi",
        "repo": "mywm-shell",
        "rev": "97e7ed2d1f26f78bc4c41536e12b09355b12509a",
        "type": "github"
      },
      "original": {
        "owner": "Chr1ssi",
        "repo": "mywm-shell",
        "type": "github"
      }
    },
    "nixpkgs": {
      "locked": {
        "lastModified": 1790185690,
        "narHash": "sha256-xJ+X4hBtOcAFGBOe5nAMyMUeF9foJBmIOu3NjBqBycU=",
        "owner": "NixOS",
        "repo": "nixpkgs",
        "rev": "4975466d324710c576dc11ad614684e6bd8cad8e",
        "type": "github"
      },
      "original": {
        "owner": "NixOS",
        "ref": "nixos-unstable",
        "repo": "nixpkgs",
        "type": "github"
      }
    },
    "root": {
      "inputs": {
        "mywm-shell": "mywm-shell",
        "nixpkgs": "nixpkgs"
      }
    }
  },
  "root": "root",
  "version": 7
}
