{
  "nodes": {
    "mywm-shell": {
      "inputs": {
        "nixpkgs": [
          "nixpkgs"
        ]
      },
      "locked": {
        "lastModified": 1790620053,
        "narHash": "sha256-QnBEN+LeDuQxJ4UJxbhI1MQWOvQnYiz6ivSVjACZ5Jw=",
        "owner": "Chr1ssi",
        "repo": "mywm-shell",
        "rev": "5acc10662b3829dbd34d49d3f456d3b742d6b089",
        "type": "github"
      },
      "original": {
        "owner": "Chr1ssi",
        "repo": "mywm-shell",
        "type": "github"
      }
    },
    "nixpkgs": {
      "locked": {
        "lastModified": 1790185690,
        "narHash": "sha256-xJ+X4hBtOcAFGBOe5nAMyMUeF9foJBmIOu3NjBqBycU=",
        "owner": "NixOS",
        "repo": "nixpkgs",
        "rev": "4975466d324710c576dc11ad614684e6bd8cad8e",
        "type": "github"
      },
      "original": {
        "owner": "NixOS",
        "ref": "nixos-unstable",
        "repo": "nixpkgs",
        "type": "github"
      }
    },
    "root": {
      "inputs": {
        "mywm-shell": "mywm-shell",
        "nixpkgs": "nixpkgs"
      }
    }
  },
  "root": "root",
  "version": 7
}
